
Microsoft Visual Studio Solution File, Format Version 12.00
Project("{FAE04EC0-301F-11D3-BF4B-00C04F79EFBC}") = "Events", "Events\Events.csproj", "{87C60ABC-2624-402A-80C5-FA2ADC187EC5}"
EndProject
Project("{FAE04EC0-301F-11D3-BF4B-00C04F79EFBC}") = "OOP", "OOP\OOP.csproj", "{C5E76190-405E-4E19-B693-AD22D8E3B0D0}"
EndProject
Project("{2150E333-8FDC-42A3-9474-1A3956D46DE8}") = "S_events", "S_events", "{33F43297-CA4A-46AF-A92E-B8D47C6823CB}"
EndProject
Project("{FAE04EC0-301F-11D3-BF4B-00C04F79EFBC}") = "Matura", "Matura\Matura.csproj", "{E1AB5EF9-F136-4838-BFAB-63309A281386}"
EndProject
Project("{2150E333-8FDC-42A3-9474-1A3956D46DE8}") = "ÜBG_CCC", "ÜBG_CCC", "{7D6D6A5D-FEE4-4CF0-B661-20482A5DB4DE}"
EndProject
Project("{FAE04EC0-301F-11D3-BF4B-00C04F79EFBC}") = "ConsoleApp1", "ConsoleApp1\ConsoleApp1.csproj", "{F6458C17-630E-445D-BFF6-3C1979E58C95}"
EndProject
Project("{FAE04EC0-301F-11D3-BF4B-00C04F79EFBC}") = "ConsoleApp2", "ConsoleApp2\ConsoleApp2.csproj", "{227ABEE1-648A-453D-B644-C8AA453CFA95}"
EndProject
Project("{FAE04EC0-301F-11D3-BF4B-00C04F79EFBC}") = "ÜBG_HoneyComb", "ÜBG_HoneyComb\ÜBG_HoneyComb.csproj", "{55AFA693-2305-4B1E-8162-B05EAA7BFA98}"
EndProject
Project("{FAE04EC0-301F-11D3-BF4B-00C04F79EFBC}") = "SMÜ", "SMÜ\SMÜ.csproj", "{384F2089-0C41-438D-B0BD-85870AC43AD4}"
EndProject
Project("{FAE04EC0-301F-11D3-BF4B-00C04F79EFBC}") = "Leet Code", "Leet Code\Leet Code.csproj", "{2FB27A1C-737E-470B-BC8F-935D4DA200D3}"
EndProject
Project("{FAE04EC0-301F-11D3-BF4B-00C04F79EFBC}") = "CCC_2024", "CCC_2024\CCC_2024.csproj", "{D15B9646-58D7-44FD-BFD2-D2EC177A1A7A}"
EndProject
Project("{FAE04EC0-301F-11D3-BF4B-00C04F79EFBC}") = "ExamTest", "ExamTest\ExamTest.csproj", "{7C2FC1BA-29E3-4173-92D8-4BEED37F849C}"
EndProject
Project("{FAE04EC0-301F-11D3-BF4B-00C04F79EFBC}") = "WH_Events", "WH_Events\WH_Events.csproj", "{F4A1C5E5-00C1-4163-BF69-528607A25B61}"
EndProject
Project("{2150E333-8FDC-42A3-9474-1A3956D46DE8}") = "SmallKapiteln", "SmallKapiteln", "{5D293FB3-FC78-4560-BB7D-759ECFDE0F27}"
EndProject
Project("{FAE04EC0-301F-11D3-BF4B-00C04F79EFBC}") = "CSharp3", "CSharp3\CSharp3.csproj", "{492C4E15-7E37-4120-85C2-9032D73594D9}"
EndProject
Project("{FAE04EC0-301F-11D3-BF4B-00C04F79EFBC}") = "LINQ", "LINQ\LINQ.csproj", "{73CD546C-0667-45AF-B80C-750D9394B1F6}"
EndProject
Project("{2150E333-8FDC-42A3-9474-1A3956D46DE8}") = "Patterns", "Patterns", "{795A9108-C69F-41D9-991C-39C0CE8D0A7F}"
EndProject
Project("{FAE04EC0-301F-11D3-BF4B-00C04F79EFBC}") = "Singelton", "Singelton\Singelton.csproj", "{E9A2709A-8571-47AA-A204-227E77A0E0F2}"
EndProject
Project("{FAE04EC0-301F-11D3-BF4B-00C04F79EFBC}") = "Observer", "Observer\Observer.csproj", "{7EB9568D-D853-4379-AFEF-1BD575C56226}"
EndProject
Project("{FAE04EC0-301F-11D3-BF4B-00C04F79EFBC}") = "Iterator", "Iterator\Iterator.csproj", "{FC36A467-7D83-40B7-8C96-77E15B50369A}"
EndProject
Project("{FAE04EC0-301F-11D3-BF4B-00C04F79EFBC}") = "LinkedList01", "LinkedList01\LinkedList01.csproj", "{703B4D34-3CAA-4220-BC74-F4B2359A3D95}"
EndProject
Project("{2150E333-8FDC-42A3-9474-1A3956D46DE8}") = "DataStructures", "DataStructures", "{8A222648-5896-4C8E-977E-DD4398499BBC}"
EndProject
Project("{FAE04EC0-301F-11D3-BF4B-00C04F79EFBC}") = "Trees", "Trees\Trees.csproj", "{0E8B31C3-5088-4C5A-8BDE-48848A70C4B9}"
EndProject
Project("{2150E333-8FDC-42A3-9474-1A3956D46DE8}") = "WH_Test_2", "WH_Test_2", "{DCA98F69-0F52-4EF7-913F-AA5DC3994BBC}"
EndProject
Project("{FAE04EC0-301F-11D3-BF4B-00C04F79EFBC}") = "WHLL", "WHLL\WHLL.csproj", "{FA520B6F-7AD8-495F-8918-0D91C72A5BCC}"
EndProject
Project("{FAE04EC0-301F-11D3-BF4B-00C04F79EFBC}") = "BlazorApp1", "BlazorApp1\BlazorApp1.csproj", "{8015D8D8-8EB0-4883-B0F2-F34F346E0751}"
EndProject
Project("{FAE04EC0-301F-11D3-BF4B-00C04F79EFBC}") = "JSON", "JSON\JSON.csproj", "{ABC3371F-7007-483F-BB6A-07568E88240B}"
EndProject
Global
	GlobalSection(SolutionConfigurationPlatforms) = preSolution
		Debug|Any CPU = Debug|Any CPU
		Release|Any CPU = Release|Any CPU
	EndGlobalSection
	GlobalSection(ProjectConfigurationPlatforms) = postSolution
		{87C60ABC-2624-402A-80C5-FA2ADC187EC5}.Debug|Any CPU.ActiveCfg = Debug|Any CPU
		{87C60ABC-2624-402A-80C5-FA2ADC187EC5}.Debug|Any CPU.Build.0 = Debug|Any CPU
		{87C60ABC-2624-402A-80C5-FA2ADC187EC5}.Release|Any CPU.ActiveCfg = Release|Any CPU
		{87C60ABC-2624-402A-80C5-FA2ADC187EC5}.Release|Any CPU.Build.0 = Release|Any CPU
		{C5E76190-405E-4E19-B693-AD22D8E3B0D0}.Debug|Any CPU.ActiveCfg = Debug|Any CPU
		{C5E76190-405E-4E19-B693-AD22D8E3B0D0}.Debug|Any CPU.Build.0 = Debug|Any CPU
		{C5E76190-405E-4E19-B693-AD22D8E3B0D0}.Release|Any CPU.ActiveCfg = Release|Any CPU
		{C5E76190-405E-4E19-B693-AD22D8E3B0D0}.Release|Any CPU.Build.0 = Release|Any CPU
		{E1AB5EF9-F136-4838-BFAB-63309A281386}.Debug|Any CPU.ActiveCfg = Debug|Any CPU
		{E1AB5EF9-F136-4838-BFAB-63309A281386}.Debug|Any CPU.Build.0 = Debug|Any CPU
		{E1AB5EF9-F136-4838-BFAB-63309A281386}.Release|Any CPU.ActiveCfg = Release|Any CPU
		{E1AB5EF9-F136-4838-BFAB-63309A281386}.Release|Any CPU.Build.0 = Release|Any CPU
		{F6458C17-630E-445D-BFF6-3C1979E58C95}.Debug|Any CPU.ActiveCfg = Debug|Any CPU
		{F6458C17-630E-445D-BFF6-3C1979E58C95}.Debug|Any CPU.Build.0 = Debug|Any CPU
		{F6458C17-630E-445D-BFF6-3C1979E58C95}.Release|Any CPU.ActiveCfg = Release|Any CPU
		{F6458C17-630E-445D-BFF6-3C1979E58C95}.Release|Any CPU.Build.0 = Release|Any CPU
		{227ABEE1-648A-453D-B644-C8AA453CFA95}.Debug|Any CPU.ActiveCfg = Debug|Any CPU
		{227ABEE1-648A-453D-B644-C8AA453CFA95}.Debug|Any CPU.Build.0 = Debug|Any CPU
		{227ABEE1-648A-453D-B644-C8AA453CFA95}.Release|Any CPU.ActiveCfg = Release|Any CPU
		{227ABEE1-648A-453D-B644-C8AA453CFA95}.Release|Any CPU.Build.0 = Release|Any CPU
		{55AFA693-2305-4B1E-8162-B05EAA7BFA98}.Debug|Any CPU.ActiveCfg = Debug|Any CPU
		{55AFA693-2305-4B1E-8162-B05EAA7BFA98}.Debug|Any CPU.Build.0 = Debug|Any CPU
		{55AFA693-2305-4B1E-8162-B05EAA7BFA98}.Release|Any CPU.ActiveCfg = Release|Any CPU
		{55AFA693-2305-4B1E-8162-B05EAA7BFA98}.Release|Any CPU.Build.0 = Release|Any CPU
		{384F2089-0C41-438D-B0BD-85870AC43AD4}.Debug|Any CPU.ActiveCfg = Debug|Any CPU
		{384F2089-0C41-438D-B0BD-85870AC43AD4}.Debug|Any CPU.Build.0 = Debug|Any CPU
		{384F2089-0C41-438D-B0BD-85870AC43AD4}.Release|Any CPU.ActiveCfg = Release|Any CPU
		{384F2089-0C41-438D-B0BD-85870AC43AD4}.Release|Any CPU.Build.0 = Release|Any CPU
		{2FB27A1C-737E-470B-BC8F-935D4DA200D3}.Debug|Any CPU.ActiveCfg = Debug|Any CPU
		{2FB27A1C-737E-470B-BC8F-935D4DA200D3}.Debug|Any CPU.Build.0 = Debug|Any CPU
		{2FB27A1C-737E-470B-BC8F-935D4DA200D3}.Release|Any CPU.ActiveCfg = Release|Any CPU
		{2FB27A1C-737E-470B-BC8F-935D4DA200D3}.Release|Any CPU.Build.0 = Release|Any CPU
		{D15B9646-58D7-44FD-BFD2-D2EC177A1A7A}.Debug|Any CPU.ActiveCfg = Debug|Any CPU
		{D15B9646-58D7-44FD-BFD2-D2EC177A1A7A}.Debug|Any CPU.Build.0 = Debug|Any CPU
		{D15B9646-58D7-44FD-BFD2-D2EC177A1A7A}.Release|Any CPU.ActiveCfg = Release|Any CPU
		{D15B9646-58D7-44FD-BFD2-D2EC177A1A7A}.Release|Any CPU.Build.0 = Release|Any CPU
		{7C2FC1BA-29E3-4173-92D8-4BEED37F849C}.Debug|Any CPU.ActiveCfg = Debug|Any CPU
		{7C2FC1BA-29E3-4173-92D8-4BEED37F849C}.Debug|Any CPU.Build.0 = Debug|Any CPU
		{7C2FC1BA-29E3-4173-92D8-4BEED37F849C}.Release|Any CPU.ActiveCfg = Release|Any CPU
		{7C2FC1BA-29E3-4173-92D8-4BEED37F849C}.Release|Any CPU.Build.0 = Release|Any CPU
		{F4A1C5E5-00C1-4163-BF69-528607A25B61}.Debug|Any CPU.ActiveCfg = Debug|Any CPU
		{F4A1C5E5-00C1-4163-BF69-528607A25B61}.Debug|Any CPU.Build.0 = Debug|Any CPU
		{F4A1C5E5-00C1-4163-BF69-528607A25B61}.Release|Any CPU.ActiveCfg = Release|Any CPU
		{F4A1C5E5-00C1-4163-BF69-528607A25B61}.Release|Any CPU.Build.0 = Release|Any CPU
		{492C4E15-7E37-4120-85C2-9032D73594D9}.Debug|Any CPU.ActiveCfg = Debug|Any CPU
		{492C4E15-7E37-4120-85C2-9032D73594D9}.Debug|Any CPU.Build.0 = Debug|Any CPU
		{492C4E15-7E37-4120-85C2-9032D73594D9}.Release|Any CPU.ActiveCfg = Release|Any CPU
		{492C4E15-7E37-4120-85C2-9032D73594D9}.Release|Any CPU.Build.0 = Release|Any CPU
		{73CD546C-0667-45AF-B80C-750D9394B1F6}.Debug|Any CPU.ActiveCfg = Debug|Any CPU
		{73CD546C-0667-45AF-B80C-750D9394B1F6}.Debug|Any CPU.Build.0 = Debug|Any CPU
		{73CD546C-0667-45AF-B80C-750D9394B1F6}.Release|Any CPU.ActiveCfg = Release|Any CPU
		{73CD546C-0667-45AF-B80C-750D9394B1F6}.Release|Any CPU.Build.0 = Release|Any CPU
		{E9A2709A-8571-47AA-A204-227E77A0E0F2}.Debug|Any CPU.ActiveCfg = Debug|Any CPU
		{E9A2709A-8571-47AA-A204-227E77A0E0F2}.Debug|Any CPU.Build.0 = Debug|Any CPU
		{E9A2709A-8571-47AA-A204-227E77A0E0F2}.Release|Any CPU.ActiveCfg = Release|Any CPU
		{E9A2709A-8571-47AA-A204-227E77A0E0F2}.Release|Any CPU.Build.0 = Release|Any CPU
		{7EB9568D-D853-4379-AFEF-1BD575C56226}.Debug|Any CPU.ActiveCfg = Debug|Any CPU
		{7EB9568D-D853-4379-AFEF-1BD575C56226}.Debug|Any CPU.Build.0 = Debug|Any CPU
		{7EB9568D-D853-4379-AFEF-1BD575C56226}.Release|Any CPU.ActiveCfg = Release|Any CPU
		{7EB9568D-D853-4379-AFEF-1BD575C56226}.Release|Any CPU.Build.0 = Release|Any CPU
		{FC36A467-7D83-40B7-8C96-77E15B50369A}.Debug|Any CPU.ActiveCfg = Debug|Any CPU
		{FC36A467-7D83-40B7-8C96-77E15B50369A}.Debug|Any CPU.Build.0 = Debug|Any CPU
		{FC36A467-7D83-40B7-8C96-77E15B50369A}.Release|Any CPU.ActiveCfg = Release|Any CPU
		{FC36A467-7D83-40B7-8C96-77E15B50369A}.Release|Any CPU.Build.0 = Release|Any CPU
		{703B4D34-3CAA-4220-BC74-F4B2359A3D95}.Debug|Any CPU.ActiveCfg = Debug|Any CPU
		{703B4D34-3CAA-4220-BC74-F4B2359A3D95}.Debug|Any CPU.Build.0 = Debug|Any CPU
		{703B4D34-3CAA-4220-BC74-F4B2359A3D95}.Release|Any CPU.ActiveCfg = Release|Any CPU
		{703B4D34-3CAA-4220-BC74-F4B2359A3D95}.Release|Any CPU.Build.0 = Release|Any CPU
		{0E8B31C3-5088-4C5A-8BDE-48848A70C4B9}.Debug|Any CPU.ActiveCfg = Debug|Any CPU
		{0E8B31C3-5088-4C5A-8BDE-48848A70C4B9}.Debug|Any CPU.Build.0 = Debug|Any CPU
		{0E8B31C3-5088-4C5A-8BDE-48848A70C4B9}.Release|Any CPU.ActiveCfg = Release|Any CPU
		{0E8B31C3-5088-4C5A-8BDE-48848A70C4B9}.Release|Any CPU.Build.0 = Release|Any CPU
		{FA520B6F-7AD8-495F-8918-0D91C72A5BCC}.Debug|Any CPU.ActiveCfg = Debug|Any CPU
		{FA520B6F-7AD8-495F-8918-0D91C72A5BCC}.Debug|Any CPU.Build.0 = Debug|Any CPU
		{FA520B6F-7AD8-495F-8918-0D91C72A5BCC}.Release|Any CPU.ActiveCfg = Release|Any CPU
		{FA520B6F-7AD8-495F-8918-0D91C72A5BCC}.Release|Any CPU.Build.0 = Release|Any CPU
		{8015D8D8-8EB0-4883-B0F2-F34F346E0751}.Debug|Any CPU.ActiveCfg = Debug|Any CPU
		{8015D8D8-8EB0-4883-B0F2-F34F346E0751}.Debug|Any CPU.Build.0 = Debug|Any CPU
		{8015D8D8-8EB0-4883-B0F2-F34F346E0751}.Release|Any CPU.ActiveCfg = Release|Any CPU
		{8015D8D8-8EB0-4883-B0F2-F34F346E0751}.Release|Any CPU.Build.0 = Release|Any CPU
		{ABC3371F-7007-483F-BB6A-07568E88240B}.Debug|Any CPU.ActiveCfg = Debug|Any CPU
		{ABC3371F-7007-483F-BB6A-07568E88240B}.Debug|Any CPU.Build.0 = Debug|Any CPU
		{ABC3371F-7007-483F-BB6A-07568E88240B}.Release|Any CPU.ActiveCfg = Release|Any CPU
		{ABC3371F-7007-483F-BB6A-07568E88240B}.Release|Any CPU.Build.0 = Release|Any CPU
	EndGlobalSection
	GlobalSection(NestedProjects) = preSolution
		{87C60ABC-2624-402A-80C5-FA2ADC187EC5} = {33F43297-CA4A-46AF-A92E-B8D47C6823CB}
		{C5E76190-405E-4E19-B693-AD22D8E3B0D0} = {33F43297-CA4A-46AF-A92E-B8D47C6823CB}
		{E1AB5EF9-F136-4838-BFAB-63309A281386} = {33F43297-CA4A-46AF-A92E-B8D47C6823CB}
		{F6458C17-630E-445D-BFF6-3C1979E58C95} = {7D6D6A5D-FEE4-4CF0-B661-20482A5DB4DE}
		{227ABEE1-648A-453D-B644-C8AA453CFA95} = {7D6D6A5D-FEE4-4CF0-B661-20482A5DB4DE}
		{55AFA693-2305-4B1E-8162-B05EAA7BFA98} = {7D6D6A5D-FEE4-4CF0-B661-20482A5DB4DE}
		{384F2089-0C41-438D-B0BD-85870AC43AD4} = {33F43297-CA4A-46AF-A92E-B8D47C6823CB}
		{2FB27A1C-737E-470B-BC8F-935D4DA200D3} = {7D6D6A5D-FEE4-4CF0-B661-20482A5DB4DE}
		{D15B9646-58D7-44FD-BFD2-D2EC177A1A7A} = {7D6D6A5D-FEE4-4CF0-B661-20482A5DB4DE}
		{7C2FC1BA-29E3-4173-92D8-4BEED37F849C} = {33F43297-CA4A-46AF-A92E-B8D47C6823CB}
		{F4A1C5E5-00C1-4163-BF69-528607A25B61} = {33F43297-CA4A-46AF-A92E-B8D47C6823CB}
		{492C4E15-7E37-4120-85C2-9032D73594D9} = {5D293FB3-FC78-4560-BB7D-759ECFDE0F27}
		{73CD546C-0667-45AF-B80C-750D9394B1F6} = {5D293FB3-FC78-4560-BB7D-759ECFDE0F27}
		{E9A2709A-8571-47AA-A204-227E77A0E0F2} = {795A9108-C69F-41D9-991C-39C0CE8D0A7F}
		{7EB9568D-D853-4379-AFEF-1BD575C56226} = {795A9108-C69F-41D9-991C-39C0CE8D0A7F}
		{FC36A467-7D83-40B7-8C96-77E15B50369A} = {795A9108-C69F-41D9-991C-39C0CE8D0A7F}
		{703B4D34-3CAA-4220-BC74-F4B2359A3D95} = {8A222648-5896-4C8E-977E-DD4398499BBC}
		{0E8B31C3-5088-4C5A-8BDE-48848A70C4B9} = {8A222648-5896-4C8E-977E-DD4398499BBC}
		{FA520B6F-7AD8-495F-8918-0D91C72A5BCC} = {DCA98F69-0F52-4EF7-913F-AA5DC3994BBC}
	EndGlobalSection
EndGlobal
